{
  "lockfile_version": "1",
  "packages": {
    "nodejs@latest": {
      "last_modified": "2023-11-19T17:46:56Z",
      "resolved": "github:NixOS/nixpkgs/0bf3f5cf6a98b5d077cdcdb00a6d4b3d92bc78b5#nodejs_21",
      "source": "devbox-search",
      "version": "21.2.0",
      "systems": {
        "aarch64-darwin": {
          "store_path": "/nix/store/waq8bb12nbqwxxn1lgvdzsgs0gqk0d04-nodejs-21.2.0"
        },
        "aarch64-linux": {
          "store_path": "/nix/store/v03cn5xw03nxykgix04r1l31jjrgf9d3-nodejs-21.2.0"
        },
        "x86_64-darwin": {
          "store_path": "/nix/store/sv6nivfsqcl8s1dhqjpjy8dqvbx9mxwl-nodejs-21.2.0"
        },
        "x86_64-linux": {
          "store_path": "/nix/store/iklfdn5l792z46dl5qq9zqzqsmp2m4m9-nodejs-21.2.0"
        }
      }
    }
  }
}
