{
  "lockfile_version": "1",
  "packages": {
    "binutils@latest": {
      "last_modified": "2023-12-13T22:54:10Z",
      "resolved": "github:NixOS/nixpkgs/fd04bea4cbf76f86f244b9e2549fca066db8ddff#binutils",
      "source": "devbox-search",
      "version": "2.40",
      "systems": {
        "aarch64-darwin": {
          "store_path": "/nix/store/ikx6jj2izf7h3f879dlcp8mb6jw4dqa5-binutils-wrapper-2.40"
        },
        "aarch64-linux": {
          "store_path": "/nix/store/149ijcm1clci2f7q3daxpabh8s71xdbr-binutils-wrapper-2.40"
        },
        "x86_64-darwin": {
          "store_path": "/nix/store/4q7qkwdf6ajkhpj0b0liaql62367l198-binutils-wrapper-2.40"
        },
        "x86_64-linux": {
          "store_path": "/nix/store/lwqnazddv8037sin49482dnzc9iwgg8l-binutils-wrapper-2.40"
        }
      }
    },
    "jdk@21": {
      "last_modified": "2023-12-13T22:54:10Z",
      "resolved": "github:NixOS/nixpkgs/fd04bea4cbf76f86f244b9e2549fca066db8ddff#jdk21",
      "source": "devbox-search",
      "version": "21.0.0",
      "systems": {
        "aarch64-darwin": {
          "store_path": "/nix/store/x3h7fvpffc98d2bwg3g37vmjcy6zj2mi-zulu21.28.85-ca-jdk-21.0.0"
        },
        "x86_64-darwin": {
          "store_path": "/nix/store/6wqh1wqshpqyziskhfjw7sxwn15kmzwc-zulu21.28.85-ca-jdk-21.0.0"
        }
      }
    },
    "newman@latest": {
      "last_modified": "2023-12-25T10:13:25Z",
      "resolved": "github:NixOS/nixpkgs/e1fa12d4f6c6fe19ccb59cac54b5b3f25e160870#newman",
      "source": "devbox-search",
      "version": "5.3.2",
      "systems": {
        "aarch64-darwin": {
          "store_path": "/nix/store/2wak82lv33hiagizzk9v1bhddr1f80l8-newman-5.3.2"
        },
        "aarch64-linux": {
          "store_path": "/nix/store/hn8bapaibfqzxg72wlwk1msaby3m0lkw-newman-5.3.2"
        },
        "x86_64-darwin": {
          "store_path": "/nix/store/q1iyjk6zhzsbg9ykpxbc3iyaqxx8i4x6-newman-5.3.2"
        },
        "x86_64-linux": {
          "store_path": "/nix/store/yr6xdfa3rp5mxb2sziapbjilajqdi1xy-newman-5.3.2"
        }
      }
    }
  }
}
